// !$*UTF8*$!
{
	archiveVersion = 1;
	classes = {
	};
	objectVersion = 50;
	objects = {

/* Begin PBXBuildFile section */
		0658E66223649D710041E300 /* AppDelegate.swift in Sources */ = {isa = PBXBuildFile; fileRef = 0658E66123649D710041E300 /* AppDelegate.swift */; };
		0658E66423649D710041E300 /* SceneDelegate.swift in Sources */ = {isa = PBXBuildFile; fileRef = 0658E66323649D710041E300 /* SceneDelegate.swift */; };
		0658E66623649D710041E300 /* HomeViewController.swift in Sources */ = {isa = PBXBuildFile; fileRef = 0658E66523649D710041E300 /* HomeViewController.swift */; };
		0658E66923649D710041E300 /* Main.storyboard in Resources */ = {isa = PBXBuildFile; fileRef = 0658E66723649D710041E300 /* Main.storyboard */; };
		0658E66B23649D720041E300 /* Assets.xcassets in Resources */ = {isa = PBXBuildFile; fileRef = 0658E66A23649D720041E300 /* Assets.xcassets */; };
		0658E66E23649D720041E300 /* LaunchScreen.storyboard in Resources */ = {isa = PBXBuildFile; fileRef = 0658E66C23649D720041E300 /* LaunchScreen.storyboard */; };
		259D1C7A2364AB91001DA358 /* CameraView.storyboard in Resources */ = {isa = PBXBuildFile; fileRef = 259D1C792364AB91001DA358 /* CameraView.storyboard */; };
		259D1C7C2364AD65001DA358 /* CameraViewController.swift in Sources */ = {isa = PBXBuildFile; fileRef = 259D1C7B2364AD65001DA358 /* CameraViewController.swift */; };
		259D1C7E2364AD7B001DA358 /* CalorieInfoController.swift in Sources */ = {isa = PBXBuildFile; fileRef = 259D1C7D2364AD7B001DA358 /* CalorieInfoController.swift */; };
		259D1C802364AD95001DA358 /* CalorieInfo.storyboard in Resources */ = {isa = PBXBuildFile; fileRef = 259D1C7F2364AD95001DA358 /* CalorieInfo.storyboard */; };
		259D1C822364AF9F001DA358 /* OnboardingView.storyboard in Resources */ = {isa = PBXBuildFile; fileRef = 259D1C812364AF9F001DA358 /* OnboardingView.storyboard */; };
		259D1C842364B013001DA358 /* OnboardingController.swift in Sources */ = {isa = PBXBuildFile; fileRef = 259D1C832364B013001DA358 /* OnboardingController.swift */; };
/* End PBXBuildFile section */

/* Begin PBXFileReference section */
		0658E65E23649D710041E300 /* NutriFitness.app */ = {isa = PBXFileReference; explicitFileType = wrapper.application; includeInIndex = 0; path = NutriFitness.app; sourceTree = BUILT_PRODUCTS_DIR; };
		0658E66123649D710041E300 /* AppDelegate.swift */ = {isa = PBXFileReference; lastKnownFileType = sourcecode.swift; path = AppDelegate.swift; sourceTree = "<group>"; };
		0658E66323649D710041E300 /* SceneDelegate.swift */ = {isa = PBXFileReference; lastKnownFileType = sourcecode.swift; path = SceneDelegate.swift; sourceTree = "<group>"; };
		0658E66523649D710041E300 /* HomeViewController.swift */ = {isa = PBXFileReference; lastKnownFileType = sourcecode.swift; path = HomeViewController.swift; sourceTree = "<group>"; };
		0658E66823649D710041E300 /* Base */ = {isa = PBXFileReference; lastKnownFileType = file.storyboard; name = Base; path = Base.lproj/Main.storyboard; sourceTree = "<group>"; };
		0658E66A23649D720041E300 /* Assets.xcassets */ = {isa = PBXFileReference; lastKnownFileType = folder.assetcatalog; path = Assets.xcassets; sourceTree = "<group>"; };
		0658E66D23649D720041E300 /* Base */ = {isa = PBXFileReference; lastKnownFileType = file.storyboard; name = Base; path = Base.lproj/LaunchScreen.storyboard; sourceTree = "<group>"; };
		0658E66F23649D720041E300 /* Info.plist */ = {isa = PBXFileReference; lastKnownFileType = text.plist.xml; path = Info.plist; sourceTree = "<group>"; };
		259D1C792364AB91001DA358 /* CameraView.storyboard */ = {isa = PBXFileReference; lastKnownFileType = file.storyboard; path = CameraView.storyboard; sourceTree = "<group>"; };
		259D1C7B2364AD65001DA358 /* CameraViewController.swift */ = {isa = PBXFileReference; lastKnownFileType = sourcecode.swift; path = CameraViewController.swift; sourceTree = "<group>"; };
		259D1C7D2364AD7B001DA358 /* CalorieInfoController.swift */ = {isa = PBXFileReference; lastKnownFileType = sourcecode.swift; path = CalorieInfoController.swift; sourceTree = "<group>"; };
		259D1C7F2364AD95001DA358 /* CalorieInfo.storyboard */ = {isa = PBXFileReference; lastKnownFileType = file.storyboard; path = CalorieInfo.storyboard; sourceTree = "<group>"; };
		259D1C812364AF9F001DA358 /* OnboardingView.storyboard */ = {isa = PBXFileReference; lastKnownFileType = file.storyboard; path = OnboardingView.storyboard; sourceTree = "<group>"; };
		259D1C832364B013001DA358 /* OnboardingController.swift */ = {isa = PBXFileReference; lastKnownFileType = sourcecode.swift; path = OnboardingController.swift; sourceTree = "<group>"; };
/* End PBXFileReference section */

/* Begin PBXFrameworksBuildPhase section */
		0658E65B23649D710041E300 /* Frameworks */ = {
			isa = PBXFrameworksBuildPhase;
			buildActionMask = 2147483647;
			files = (
			);
			runOnlyForDeploymentPostprocessing = 0;
		};
/* End PBXFrameworksBuildPhase section */

/* Begin PBXGroup section */
		0658E65523649D710041E300 = {
			isa = PBXGroup;
			children = (
				0658E66023649D710041E300 /* NutriFitness */,
				0658E65F23649D710041E300 /* Products */,
			);
			sourceTree = "<group>";
		};
		0658E65F23649D710041E300 /* Products */ = {
			isa = PBXGroup;
			children = (
				0658E65E23649D710041E300 /* NutriFitness.app */,
			);
			name = Products;
			sourceTree = "<group>";
		};
		0658E66023649D710041E300 /* NutriFitness */ = {
			isa = PBXGroup;
			children = (
				0658E66123649D710041E300 /* AppDelegate.swift */,
				259D1C782364AB66001DA358 /* Controller */,
				259D1C772364AB5E001DA358 /* View */,
				259D1C762364AB55001DA358 /* Model */,
				0658E66323649D710041E300 /* SceneDelegate.swift */,
				0658E66A23649D720041E300 /* Assets.xcassets */,
				0658E66F23649D720041E300 /* Info.plist */,
			);
			path = NutriFitness;
			sourceTree = "<group>";
		};
		259D1C762364AB55001DA358 /* Model */ = {
			isa = PBXGroup;
			children = (
			);
			path = Model;
			sourceTree = "<group>";
		};
		259D1C772364AB5E001DA358 /* View */ = {
			isa = PBXGroup;
			children = (
				0658E66723649D710041E300 /* Main.storyboard */,
				259D1C812364AF9F001DA358 /* OnboardingView.storyboard */,
				259D1C792364AB91001DA358 /* CameraView.storyboard */,
				259D1C7F2364AD95001DA358 /* CalorieInfo.storyboard */,
				0658E66C23649D720041E300 /* LaunchScreen.storyboard */,
			);
			path = View;
			sourceTree = "<group>";
		};
		259D1C782364AB66001DA358 /* Controller */ = {
			isa = PBXGroup;
			children = (
				0658E66523649D710041E300 /* HomeViewController.swift */,
				259D1C832364B013001DA358 /* OnboardingController.swift */,
				259D1C7B2364AD65001DA358 /* CameraViewController.swift */,
				259D1C7D2364AD7B001DA358 /* CalorieInfoController.swift */,
			);
			path = Controller;
			sourceTree = "<group>";
		};
/* End PBXGroup section */

/* Begin PBXNativeTarget section */
		0658E65D23649D710041E300 /* NutriFitness */ = {
			isa = PBXNativeTarget;
			buildConfigurationList = 0658E67223649D720041E300 /* Build configuration list for PBXNativeTarget "NutriFitness" */;
			buildPhases = (
				0658E65A23649D710041E300 /* Sources */,
				0658E65B23649D710041E300 /* Frameworks */,
				0658E65C23649D710041E300 /* Resources */,
			);
			buildRules = (
			);
			dependencies = (
			);
			name = NutriFitness;
			productName = NutriFitness;
			productReference = 0658E65E23649D710041E300 /* NutriFitness.app */;
			productType = "com.apple.product-type.application";
		};
/* End PBXNativeTarget section */

/* Begin PBXProject section */
		0658E65623649D710041E300 /* Project object */ = {
			isa = PBXProject;
			attributes = {
				LastSwiftUpdateCheck = 1120;
				LastUpgradeCheck = 1120;
				ORGANIZATIONNAME = "Luke Liu";
				TargetAttributes = {
					0658E65D23649D710041E300 = {
						CreatedOnToolsVersion = 11.2;
					};
				};
			};
			buildConfigurationList = 0658E65923649D710041E300 /* Build configuration list for PBXProject "NutriFitness" */;
			compatibilityVersion = "Xcode 9.3";
			developmentRegion = en;
			hasScannedForEncodings = 0;
			knownRegions = (
				en,
				Base,
			);
			mainGroup = 0658E65523649D710041E300;
			productRefGroup = 0658E65F23649D710041E300 /* Products */;
			projectDirPath = "";
			projectRoot = "";
			targets = (
				0658E65D23649D710041E300 /* NutriFitness */,
			);
		};
/* End PBXProject section */

/* Begin PBXResourcesBuildPhase section */
		0658E65C23649D710041E300 /* Resources */ = {
			isa = PBXResourcesBuildPhase;
			buildActionMask = 2147483647;
			files = (
				259D1C822364AF9F001DA358 /* OnboardingView.storyboard in Resources */,
				259D1C7A2364AB91001DA358 /* CameraView.storyboard in Resources */,
				0658E66E23649D720041E300 /* LaunchScreen.storyboard in Resources */,
				0658E66B23649D720041E300 /* Assets.xcassets in Resources */,
				0658E66923649D710041E300 /* Main.storyboard in Resources */,
				259D1C802364AD95001DA358 /* CalorieInfo.storyboard in Resources */,
			);
			runOnlyForDeploymentPostprocessing = 0;
		};
/* End PBXResourcesBuildPhase section */

/* Begin PBXSourcesBuildPhase section */
		0658E65A23649D710041E300 /* Sources */ = {
			isa = PBXSourcesBuildPhase;
			buildActionMask = 2147483647;
			files = (
				259D1C7E2364AD7B001DA358 /* CalorieInfoController.swift in Sources */,
				0658E66623649D710041E300 /* HomeViewController.swift in Sources */,
				259D1C842364B013001DA358 /* OnboardingController.swift in Sources */,
				259D1C7C2364AD65001DA358 /* CameraViewController.swift in Sources */,
				0658E66223649D710041E300 /* AppDelegate.swift in Sources */,
				0658E66423649D710041E300 /* SceneDelegate.swift in Sources */,
			);
			runOnlyForDeploymentPostprocessing = 0;
		};
/* End PBXSourcesBuildPhase section */

/* Begin PBXVariantGroup section */
		0658E66723649D710041E300 /* Main.storyboard */ = {
			isa = PBXVariantGroup;
			children = (
				0658E66823649D710041E300 /* Base */,
			);
			name = Main.storyboard;
			sourceTree = "<group>";
		};
		0658E66C23649D720041E300 /* LaunchScreen.storyboard */ = {
			isa = PBXVariantGroup;
			children = (
				0658E66D23649D720041E300 /* Base */,
			);
			name = LaunchScreen.storyboard;
			sourceTree = "<group>";
		};
/* End PBXVariantGroup section */

/* Begin XCBuildConfiguration section */
		0658E67023649D720041E300 /* Debug */ = {
			isa = XCBuildConfiguration;
			buildSettings = {
				ALWAYS_SEARCH_USER_PATHS = NO;
				CLANG_ANALYZER_NONNULL = YES;
				CLANG_ANALYZER_NUMBER_OBJECT_CONVERSION = YES_AGGRESSIVE;
				CLANG_CXX_LANGUAGE_STANDARD = "gnu++14";
				CLANG_CXX_LIBRARY = "libc++";
				CLANG_ENABLE_MODULES = YES;
				CLANG_ENABLE_OBJC_ARC = YES;
				CLANG_ENABLE_OBJC_WEAK = YES;
				CLANG_WARN_BLOCK_CAPTURE_AUTORELEASING = YES;
				CLANG_WARN_BOOL_CONVERSION = YES;
				CLANG_WARN_COMMA = YES;
				CLANG_WARN_CONSTANT_CONVERSION = YES;
				CLANG_WARN_DEPRECATED_OBJC_IMPLEMENTATIONS = YES;
				CLANG_WARN_DIRECT_OBJC_ISA_USAGE = YES_ERROR;
				CLANG_WARN_DOCUMENTATION_COMMENTS = YES;
				CLANG_WARN_EMPTY_BODY = YES;
				CLANG_WARN_ENUM_CONVERSION = YES;
				CLANG_WARN_INFINITE_RECURSION = YES;
				CLANG_WARN_INT_CONVERSION = YES;
				CLANG_WARN_NON_LITERAL_NULL_CONVERSION = YES;
				CLANG_WARN_OBJC_IMPLICIT_RETAIN_SELF = YES;
				CLANG_WARN_OBJC_LITERAL_CONVERSION = YES;
				CLANG_WARN_OBJC_ROOT_CLASS = YES_ERROR;
				CLANG_WARN_RANGE_LOOP_ANALYSIS = YES;
				CLANG_WARN_STRICT_PROTOTYPES = YES;
				CLANG_WARN_SUSPICIOUS_MOVE = YES;
				CLANG_WARN_UNGUARDED_AVAILABILITY = YES_AGGRESSIVE;
				CLANG_WARN_UNREACHABLE_CODE = YES;
				CLANG_WARN__DUPLICATE_METHOD_MATCH = YES;
				COPY_PHASE_STRIP = NO;
				DEBUG_INFORMATION_FORMAT = dwarf;
				ENABLE_STRICT_OBJC_MSGSEND = YES;
				ENABLE_TESTABILITY = YES;
				GCC_C_LANGUAGE_STANDARD = gnu11;
				GCC_DYNAMIC_NO_PIC = NO;
				GCC_NO_COMMON_BLOCKS = YES;
				GCC_OPTIMIZATION_LEVEL = 0;
				GCC_PREPROCESSOR_DEFINITIONS = (
					"DEBUG=1",
					"$(inherited)",
				);
				GCC_WARN_64_TO_32_BIT_CONVERSION = YES;
				GCC_WARN_ABOUT_RETURN_TYPE = YES_ERROR;
				GCC_WARN_UNDECLARED_SELECTOR = YES;
				GCC_WARN_UNINITIALIZED_AUTOS = YES_AGGRESSIVE;
				GCC_WARN_UNUSED_FUNCTION = YES;
				GCC_WARN_UNUSED_VARIABLE = YES;
				IPHONEOS_DEPLOYMENT_TARGET = 13.2;
				MTL_ENABLE_DEBUG_INFO = INCLUDE_SOURCE;
				MTL_FAST_MATH = YES;
				ONLY_ACTIVE_ARCH = YES;
				SDKROOT = iphoneos;
				SWIFT_ACTIVE_COMPILATION_CONDITIONS = DEBUG;
				SWIFT_OPTIMIZATION_LEVEL = "-Onone";
			};
			name = Debug;
		};
		0658E67123649D720041E300 /* Release */ = {
			isa = XCBuildConfiguration;
			buildSettings = {
				ALWAYS_SEARCH_USER_PATHS = NO;
				CLANG_ANALYZER_NONNULL = YES;
				CLANG_ANALYZER_NUMBER_OBJECT_CONVERSION = YES_AGGRESSIVE;
				CLANG_CXX_LANGUAGE_STANDARD = "gnu++14";
				CLANG_CXX_LIBRARY = "libc++";
				CLANG_ENABLE_MODULES = YES;
				CLANG_ENABLE_OBJC_ARC = YES;
				CLANG_ENABLE_OBJC_WEAK = YES;
				CLANG_WARN_BLOCK_CAPTURE_AUTORELEASING = YES;
				CLANG_WARN_BOOL_CONVERSION = YES;
				CLANG_WARN_COMMA = YES;
				CLANG_WARN_CONSTANT_CONVERSION = YES;
				CLANG_WARN_DEPRECATED_OBJC_IMPLEMENTATIONS = YES;
				CLANG_WARN_DIRECT_OBJC_ISA_USAGE = YES_ERROR;
				CLANG_WARN_DOCUMENTATION_COMMENTS = YES;
				CLANG_WARN_EMPTY_BODY = YES;
				CLANG_WARN_ENUM_CONVERSION = YES;
				CLANG_WARN_INFINITE_RECURSION = YES;
				CLANG_WARN_INT_CONVERSION = YES;
				CLANG_WARN_NON_LITERAL_NULL_CONVERSION = YES;
				CLANG_WARN_OBJC_IMPLICIT_RETAIN_SELF = YES;
				CLANG_WARN_OBJC_LITERAL_CONVERSION = YES;
				CLANG_WARN_OBJC_ROOT_CLASS = YES_ERROR;
				CLANG_WARN_RANGE_LOOP_ANALYSIS = YES;
				CLANG_WARN_STRICT_PROTOTYPES = YES;
				CLANG_WARN_SUSPICIOUS_MOVE = YES;
				CLANG_WARN_UNGUARDED_AVAILABILITY = YES_AGGRESSIVE;
				CLANG_WARN_UNREACHABLE_CODE = YES;
				CLANG_WARN__DUPLICATE_METHOD_MATCH = YES;
				COPY_PHASE_STRIP = NO;
				DEBUG_INFORMATION_FORMAT = "dwarf-with-dsym";
				ENABLE_NS_ASSERTIONS = NO;
				ENABLE_STRICT_OBJC_MSGSEND = YES;
				GCC_C_LANGUAGE_STANDARD = gnu11;
				GCC_NO_COMMON_BLOCKS = YES;
				GCC_WARN_64_TO_32_BIT_CONVERSION = YES;
				GCC_WARN_ABOUT_RETURN_TYPE = YES_ERROR;
				GCC_WARN_UNDECLARED_SELECTOR = YES;
				GCC_WARN_UNINITIALIZED_AUTOS = YES_AGGRESSIVE;
				GCC_WARN_UNUSED_FUNCTION = YES;
				GCC_WARN_UNUSED_VARIABLE = YES;
				IPHONEOS_DEPLOYMENT_TARGET = 13.2;
				MTL_ENABLE_DEBUG_INFO = NO;
				MTL_FAST_MATH = YES;
				SDKROOT = iphoneos;
				SWIFT_COMPILATION_MODE = wholemodule;
				SWIFT_OPTIMIZATION_LEVEL = "-O";
				VALIDATE_PRODUCT = YES;
			};
			name = Release;
		};
		0658E67323649D720041E300 /* Debug */ = {
			isa = XCBuildConfiguration;
			buildSettings = {
				ASSETCATALOG_COMPILER_APPICON_NAME = AppIcon;
				CODE_SIGN_STYLE = Automatic;
				DEVELOPMENT_TEAM = 8VU5ULQ45F;
				INFOPLIST_FILE = NutriFitness/Info.plist;
				IPHONEOS_DEPLOYMENT_TARGET = 13.1;
				LD_RUNPATH_SEARCH_PATHS = (
					"$(inherited)",
					"@executable_path/Frameworks",
				);
				PRODUCT_BUNDLE_IDENTIFIER = Luke.NutriFitness;
				PRODUCT_NAME = "$(TARGET_NAME)";
				SWIFT_VERSION = 5.0;
				TARGETED_DEVICE_FAMILY = "1,2";
			};
			name = Debug;
		};
		0658E67423649D720041E300 /* Release */ = {
			isa = XCBuildConfiguration;
			buildSettings = {
				ASSETCATALOG_COMPILER_APPICON_NAME = AppIcon;
				CODE_SIGN_STYLE = Automatic;
				DEVELOPMENT_TEAM = 8VU5ULQ45F;
				INFOPLIST_FILE = NutriFitness/Info.plist;
				IPHONEOS_DEPLOYMENT_TARGET = 13.1;
				LD_RUNPATH_SEARCH_PATHS = (
					"$(inherited)",
					"@executable_path/Frameworks",
				);
				PRODUCT_BUNDLE_IDENTIFIER = Luke.NutriFitness;
				PRODUCT_NAME = "$(TARGET_NAME)";
				SWIFT_VERSION = 5.0;
				TARGETED_DEVICE_FAMILY = "1,2";
			};
			name = Release;
		};
/* End XCBuildConfiguration section */

/* Begin XCConfigurationList section */
		0658E65923649D710041E300 /* Build configuration list for PBXProject "NutriFitness" */ = {
			isa = XCConfigurationList;
			buildConfigurations = (
				0658E67023649D720041E300 /* Debug */,
				0658E67123649D720041E300 /* Release */,
			);
			defaultConfigurationIsVisible = 0;
			defaultConfigurationName = Release;
		};
		0658E67223649D720041E300 /* Build configuration list for PBXNativeTarget "NutriFitness" */ = {
			isa = XCConfigurationList;
			buildConfigurations = (
				0658E67323649D720041E300 /* Debug */,
				0658E67423649D720041E300 /* Release */,
			);
			defaultConfigurationIsVisible = 0;
			defaultConfigurationName = Release;
		};
/* End XCConfigurationList section */
	};
	rootObject = 0658E65623649D710041E300 /* Project object */;
}
